// !$*UTF8*$!
{
	archiveVersion = 1;
	classes = {
	};
	objectVersion = 50;
	objects = {

/* Begin PBXBuildFile section */
		41888F1542433E379D8FFCFE /* Pods_PaSiOS.framework in Frameworks */ = {isa = PBXBuildFile; fileRef = E2345A9B775663252465CD52 /* Pods_PaSiOS.framework */; };
		5A37FC8021736C8A00582908 /* DetailsController.swift in Sources */ = {isa = PBXBuildFile; fileRef = 5A37FC7F21736C8A00582908 /* DetailsController.swift */; };
		5A37FC822173938600582908 /* SinglePortMapController.swift in Sources */ = {isa = PBXBuildFile; fileRef = 5A37FC812173938600582908 /* SinglePortMapController.swift */; };
		5A3B043E217232F5005B65A6 /* SurveyorListController.swift in Sources */ = {isa = PBXBuildFile; fileRef = 5A3B043D217232F5005B65A6 /* SurveyorListController.swift */; };
		5A433E6D2160E1B200F10F67 /* AppDelegate.swift in Sources */ = {isa = PBXBuildFile; fileRef = 5A433E6C2160E1B200F10F67 /* AppDelegate.swift */; };
		5A433E6F2160E1B200F10F67 /* PortListViewController.swift in Sources */ = {isa = PBXBuildFile; fileRef = 5A433E6E2160E1B200F10F67 /* PortListViewController.swift */; };
		5A433E722160E1B200F10F67 /* Main.storyboard in Resources */ = {isa = PBXBuildFile; fileRef = 5A433E702160E1B200F10F67 /* Main.storyboard */; };
		5A433E742160E1B500F10F67 /* Assets.xcassets in Resources */ = {isa = PBXBuildFile; fileRef = 5A433E732160E1B500F10F67 /* Assets.xcassets */; };
		5A433E772160E1B500F10F67 /* LaunchScreen.storyboard in Resources */ = {isa = PBXBuildFile; fileRef = 5A433E752160E1B500F10F67 /* LaunchScreen.storyboard */; };
		5A433E7F2160E50F00F10F67 /* Model.swift in Sources */ = {isa = PBXBuildFile; fileRef = 5A433E7E2160E50F00F10F67 /* Model.swift */; };
		5A436A3C2168B260005F5067 /* SecretStuff.swift in Sources */ = {isa = PBXBuildFile; fileRef = 5A436A3B2168B260005F5067 /* SecretStuff.swift */; };
		5A436A3E216901DB005F5067 /* MapViewController.swift in Sources */ = {isa = PBXBuildFile; fileRef = 5A436A3D216901DB005F5067 /* MapViewController.swift */; };
		5A436A402169026C005F5067 /* Utils.swift in Sources */ = {isa = PBXBuildFile; fileRef = 5A436A3F2169026C005F5067 /* Utils.swift */; };
/* End PBXBuildFile section */

/* Begin PBXFileReference section */
		5A37FC7F21736C8A00582908 /* DetailsController.swift */ = {isa = PBXFileReference; lastKnownFileType = sourcecode.swift; path = DetailsController.swift; sourceTree = "<group>"; };
		5A37FC812173938600582908 /* SinglePortMapController.swift */ = {isa = PBXFileReference; lastKnownFileType = sourcecode.swift; path = SinglePortMapController.swift; sourceTree = "<group>"; };
		5A3B043D217232F5005B65A6 /* SurveyorListController.swift */ = {isa = PBXFileReference; lastKnownFileType = sourcecode.swift; path = SurveyorListController.swift; sourceTree = "<group>"; };
		5A433E692160E1B200F10F67 /* PaSiOS.app */ = {isa = PBXFileReference; explicitFileType = wrapper.application; includeInIndex = 0; path = PaSiOS.app; sourceTree = BUILT_PRODUCTS_DIR; };
		5A433E6C2160E1B200F10F67 /* AppDelegate.swift */ = {isa = PBXFileReference; lastKnownFileType = sourcecode.swift; path = AppDelegate.swift; sourceTree = "<group>"; };
		5A433E6E2160E1B200F10F67 /* PortListViewController.swift */ = {isa = PBXFileReference; lastKnownFileType = sourcecode.swift; path = PortListViewController.swift; sourceTree = "<group>"; };
		5A433E712160E1B200F10F67 /* Base */ = {isa = PBXFileReference; lastKnownFileType = file.storyboard; name = Base; path = Base.lproj/Main.storyboard; sourceTree = "<group>"; };
		5A433E732160E1B500F10F67 /* Assets.xcassets */ = {isa = PBXFileReference; lastKnownFileType = folder.assetcatalog; path = Assets.xcassets; sourceTree = "<group>"; };
		5A433E762160E1B500F10F67 /* Base */ = {isa = PBXFileReference; lastKnownFileType = file.storyboard; name = Base; path = Base.lproj/LaunchScreen.storyboard; sourceTree = "<group>"; };
		5A433E782160E1B500F10F67 /* Info.plist */ = {isa = PBXFileReference; lastKnownFileType = text.plist.xml; path = Info.plist; sourceTree = "<group>"; };
		5A433E7E2160E50F00F10F67 /* Model.swift */ = {isa = PBXFileReference; lastKnownFileType = sourcecode.swift; path = Model.swift; sourceTree = "<group>"; };
		5A436A3B2168B260005F5067 /* SecretStuff.swift */ = {isa = PBXFileReference; lastKnownFileType = sourcecode.swift; path = SecretStuff.swift; sourceTree = "<group>"; };
		5A436A3D216901DB005F5067 /* MapViewController.swift */ = {isa = PBXFileReference; lastKnownFileType = sourcecode.swift; path = MapViewController.swift; sourceTree = "<group>"; };
		5A436A3F2169026C005F5067 /* Utils.swift */ = {isa = PBXFileReference; lastKnownFileType = sourcecode.swift; path = Utils.swift; sourceTree = "<group>"; };
		A1A3284D42F377ABC323747E /* Pods-PaSiOS.release.xcconfig */ = {isa = PBXFileReference; includeInIndex = 1; lastKnownFileType = text.xcconfig; name = "Pods-PaSiOS.release.xcconfig"; path = "Pods/Target Support Files/Pods-PaSiOS/Pods-PaSiOS.release.xcconfig"; sourceTree = "<group>"; };
		E2345A9B775663252465CD52 /* Pods_PaSiOS.framework */ = {isa = PBXFileReference; explicitFileType = wrapper.framework; includeInIndex = 0; path = Pods_PaSiOS.framework; sourceTree = BUILT_PRODUCTS_DIR; };
		EF667A8DC9DA2AFA3E130BED /* Pods-PaSiOS.debug.xcconfig */ = {isa = PBXFileReference; includeInIndex = 1; lastKnownFileType = text.xcconfig; name = "Pods-PaSiOS.debug.xcconfig"; path = "Pods/Target Support Files/Pods-PaSiOS/Pods-PaSiOS.debug.xcconfig"; sourceTree = "<group>"; };
/* End PBXFileReference section */

/* Begin PBXFrameworksBuildPhase section */
		5A433E662160E1B200F10F67 /* Frameworks */ = {
			isa = PBXFrameworksBuildPhase;
			buildActionMask = 2147483647;
			files = (
				41888F1542433E379D8FFCFE /* Pods_PaSiOS.framework in Frameworks */,
			);
			runOnlyForDeploymentPostprocessing = 0;
		};
/* End PBXFrameworksBuildPhase section */

/* Begin PBXGroup section */
		5A433E602160E1B200F10F67 = {
			isa = PBXGroup;
			children = (
				5A433E6B2160E1B200F10F67 /* PaSiOS */,
				5A433E6A2160E1B200F10F67 /* Products */,
				98962EF1972BA3F5996176E7 /* Pods */,
				7D9D6CE1DDF8EB146D3A3114 /* Frameworks */,
			);
			sourceTree = "<group>";
		};
		5A433E6A2160E1B200F10F67 /* Products */ = {
			isa = PBXGroup;
			children = (
				5A433E692160E1B200F10F67 /* PaSiOS.app */,
			);
			name = Products;
			sourceTree = "<group>";
		};
		5A433E6B2160E1B200F10F67 /* PaSiOS */ = {
			isa = PBXGroup;
			children = (
				5A433E6C2160E1B200F10F67 /* AppDelegate.swift */,
				5A433E6E2160E1B200F10F67 /* PortListViewController.swift */,
				5A436A3D216901DB005F5067 /* MapViewController.swift */,
				5A3B043D217232F5005B65A6 /* SurveyorListController.swift */,
				5A37FC7F21736C8A00582908 /* DetailsController.swift */,
				5A37FC812173938600582908 /* SinglePortMapController.swift */,
				5A433E702160E1B200F10F67 /* Main.storyboard */,
				5A433E7E2160E50F00F10F67 /* Model.swift */,
				5A436A3F2169026C005F5067 /* Utils.swift */,
				5A436A3B2168B260005F5067 /* SecretStuff.swift */,
				5A433E732160E1B500F10F67 /* Assets.xcassets */,
				5A433E752160E1B500F10F67 /* LaunchScreen.storyboard */,
				5A433E782160E1B500F10F67 /* Info.plist */,
			);
			path = PaSiOS;
			sourceTree = "<group>";
		};
		7D9D6CE1DDF8EB146D3A3114 /* Frameworks */ = {
			isa = PBXGroup;
			children = (
				E2345A9B775663252465CD52 /* Pods_PaSiOS.framework */,
			);
			name = Frameworks;
			sourceTree = "<group>";
		};
		98962EF1972BA3F5996176E7 /* Pods */ = {
			isa = PBXGroup;
			children = (
				EF667A8DC9DA2AFA3E130BED /* Pods-PaSiOS.debug.xcconfig */,
				A1A3284D42F377ABC323747E /* Pods-PaSiOS.release.xcconfig */,
			);
			name = Pods;
			sourceTree = "<group>";
		};
/* End PBXGroup section */

/* Begin PBXNativeTarget section */
		5A433E682160E1B200F10F67 /* PaSiOS */ = {
			isa = PBXNativeTarget;
			buildConfigurationList = 5A433E7B2160E1B500F10F67 /* Build configuration list for PBXNativeTarget "PaSiOS" */;
			buildPhases = (
				D8D9394994B4C96816128682 /* [CP] Check Pods Manifest.lock */,
				5A433E652160E1B200F10F67 /* Sources */,
				5A433E662160E1B200F10F67 /* Frameworks */,
				5A433E672160E1B200F10F67 /* Resources */,
				A42DB226BEB792933A6CBB3D /* [CP] Embed Pods Frameworks */,
				4EB7FACEF12B68AC2B557301 /* [CP] Copy Pods Resources */,
			);
			buildRules = (
			);
			dependencies = (
			);
			name = PaSiOS;
			productName = PaSiOS;
			productReference = 5A433E692160E1B200F10F67 /* PaSiOS.app */;
			productType = "com.apple.product-type.application";
		};
/* End PBXNativeTarget section */

/* Begin PBXProject section */
		5A433E612160E1B200F10F67 /* Project object */ = {
			isa = PBXProject;
			attributes = {
				LastSwiftUpdateCheck = 1000;
				LastUpgradeCheck = 1000;
				ORGANIZATIONNAME = "Mulang Su";
				TargetAttributes = {
					5A433E682160E1B200F10F67 = {
						CreatedOnToolsVersion = 10.0;
					};
				};
			};
			buildConfigurationList = 5A433E642160E1B200F10F67 /* Build configuration list for PBXProject "PaSiOS" */;
			compatibilityVersion = "Xcode 9.3";
			developmentRegion = en;
			hasScannedForEncodings = 0;
			knownRegions = (
				en,
				Base,
			);
			mainGroup = 5A433E602160E1B200F10F67;
			productRefGroup = 5A433E6A2160E1B200F10F67 /* Products */;
			projectDirPath = "";
			projectRoot = "";
			targets = (
				5A433E682160E1B200F10F67 /* PaSiOS */,
			);
		};
/* End PBXProject section */

/* Begin PBXResourcesBuildPhase section */
		5A433E672160E1B200F10F67 /* Resources */ = {
			isa = PBXResourcesBuildPhase;
			buildActionMask = 2147483647;
			files = (
				5A433E772160E1B500F10F67 /* LaunchScreen.storyboard in Resources */,
				5A433E742160E1B500F10F67 /* Assets.xcassets in Resources */,
				5A433E722160E1B200F10F67 /* Main.storyboard in Resources */,
			);
			runOnlyForDeploymentPostprocessing = 0;
		};
/* End PBXResourcesBuildPhase section */

/* Begin PBXShellScriptBuildPhase section */
		4EB7FACEF12B68AC2B557301 /* [CP] Copy Pods Resources */ = {
			isa = PBXShellScriptBuildPhase;
			buildActionMask = 2147483647;
			files = (
			);
			inputFileListPaths = (
			);
			inputPaths = (
				"${SRCROOT}/Pods/Target Support Files/Pods-PaSiOS/Pods-PaSiOS-resources.sh",
				"${PODS_ROOT}/GoogleMaps/Maps/Frameworks/GoogleMaps.framework/Resources/GoogleMaps.bundle",
			);
			name = "[CP] Copy Pods Resources";
			outputFileListPaths = (
			);
			outputPaths = (
				"${TARGET_BUILD_DIR}/${UNLOCALIZED_RESOURCES_FOLDER_PATH}/GoogleMaps.bundle",
			);
			runOnlyForDeploymentPostprocessing = 0;
			shellPath = /bin/sh;
			shellScript = "\"${SRCROOT}/Pods/Target Support Files/Pods-PaSiOS/Pods-PaSiOS-resources.sh\"\n";
			showEnvVarsInLog = 0;
		};
		A42DB226BEB792933A6CBB3D /* [CP] Embed Pods Frameworks */ = {
			isa = PBXShellScriptBuildPhase;
			buildActionMask = 2147483647;
			files = (
			);
			inputFileListPaths = (
			);
			inputPaths = (
				"${SRCROOT}/Pods/Target Support Files/Pods-PaSiOS/Pods-PaSiOS-frameworks.sh",
				"${BUILT_PRODUCTS_DIR}/Alamofire/Alamofire.framework",
				"${BUILT_PRODUCTS_DIR}/CrossroadRegex/Regex.framework",
				"${BUILT_PRODUCTS_DIR}/EZLoadingActivity/EZLoadingActivity.framework",
				"${BUILT_PRODUCTS_DIR}/SCLAlertView/SCLAlertView.framework",
				"${BUILT_PRODUCTS_DIR}/SwiftyUtils/SwiftyUtils.framework",
			);
			name = "[CP] Embed Pods Frameworks";
			outputFileListPaths = (
			);
			outputPaths = (
				"${TARGET_BUILD_DIR}/${FRAMEWORKS_FOLDER_PATH}/Alamofire.framework",
				"${TARGET_BUILD_DIR}/${FRAMEWORKS_FOLDER_PATH}/Regex.framework",
				"${TARGET_BUILD_DIR}/${FRAMEWORKS_FOLDER_PATH}/EZLoadingActivity.framework",
				"${TARGET_BUILD_DIR}/${FRAMEWORKS_FOLDER_PATH}/SCLAlertView.framework",
				"${TARGET_BUILD_DIR}/${FRAMEWORKS_FOLDER_PATH}/SwiftyUtils.framework",
			);
			runOnlyForDeploymentPostprocessing = 0;
			shellPath = /bin/sh;
			shellScript = "\"${SRCROOT}/Pods/Target Support Files/Pods-PaSiOS/Pods-PaSiOS-frameworks.sh\"\n";
			showEnvVarsInLog = 0;
		};
		D8D9394994B4C96816128682 /* [CP] Check Pods Manifest.lock */ = {
			isa = PBXShellScriptBuildPhase;
			buildActionMask = 2147483647;
			files = (
			);
			inputFileListPaths = (
			);
			inputPaths = (
				"${PODS_PODFILE_DIR_PATH}/Podfile.lock",
				"${PODS_ROOT}/Manifest.lock",
			);
			name = "[CP] Check Pods Manifest.lock";
			outputFileListPaths = (
			);
			outputPaths = (
				"$(DERIVED_FILE_DIR)/Pods-PaSiOS-checkManifestLockResult.txt",
			);
			runOnlyForDeploymentPostprocessing = 0;
			shellPath = /bin/sh;
			shellScript = "diff \"${PODS_PODFILE_DIR_PATH}/Podfile.lock\" \"${PODS_ROOT}/Manifest.lock\" > /dev/null\nif [ $? != 0 ] ; then\n    # print error to STDERR\n    echo \"error: The sandbox is not in sync with the Podfile.lock. Run 'pod install' or update your CocoaPods installation.\" >&2\n    exit 1\nfi\n# This output is used by Xcode 'outputs' to avoid re-running this script phase.\necho \"SUCCESS\" > \"${SCRIPT_OUTPUT_FILE_0}\"\n";
			showEnvVarsInLog = 0;
		};
/* End PBXShellScriptBuildPhase section */

/* Begin PBXSourcesBuildPhase section */
		5A433E652160E1B200F10F67 /* Sources */ = {
			isa = PBXSourcesBuildPhase;
			buildActionMask = 2147483647;
			files = (
				5A433E7F2160E50F00F10F67 /* Model.swift in Sources */,
				5A433E6F2160E1B200F10F67 /* PortListViewController.swift in Sources */,
				5A436A3C2168B260005F5067 /* SecretStuff.swift in Sources */,
				5A436A3E216901DB005F5067 /* MapViewController.swift in Sources */,
				5A37FC8021736C8A00582908 /* DetailsController.swift in Sources */,
				5A433E6D2160E1B200F10F67 /* AppDelegate.swift in Sources */,
				5A436A402169026C005F5067 /* Utils.swift in Sources */,
				5A3B043E217232F5005B65A6 /* SurveyorListController.swift in Sources */,
				5A37FC822173938600582908 /* SinglePortMapController.swift in Sources */,
			);
			runOnlyForDeploymentPostprocessing = 0;
		};
/* End PBXSourcesBuildPhase section */

/* Begin PBXVariantGroup section */
		5A433E702160E1B200F10F67 /* Main.storyboard */ = {
			isa = PBXVariantGroup;
			children = (
				5A433E712160E1B200F10F67 /* Base */,
			);
			name = Main.storyboard;
			sourceTree = "<group>";
		};
		5A433E752160E1B500F10F67 /* LaunchScreen.storyboard */ = {
			isa = PBXVariantGroup;
			children = (
				5A433E762160E1B500F10F67 /* Base */,
			);
			name = LaunchScreen.storyboard;
			sourceTree = "<group>";
		};
/* End PBXVariantGroup section */

/* Begin XCBuildConfiguration section */
		5A433E792160E1B500F10F67 /* Debug */ = {
			isa = XCBuildConfiguration;
			buildSettings = {
				ALWAYS_SEARCH_USER_PATHS = NO;
				CLANG_ANALYZER_NONNULL = YES;
				CLANG_ANALYZER_NUMBER_OBJECT_CONVERSION = YES_AGGRESSIVE;
				CLANG_CXX_LANGUAGE_STANDARD = "gnu++14";
				CLANG_CXX_LIBRARY = "libc++";
				CLANG_ENABLE_MODULES = YES;
				CLANG_ENABLE_OBJC_ARC = YES;
				CLANG_ENABLE_OBJC_WEAK = YES;
				CLANG_WARN_BLOCK_CAPTURE_AUTORELEASING = YES;
				CLANG_WARN_BOOL_CONVERSION = YES;
				CLANG_WARN_COMMA = YES;
				CLANG_WARN_CONSTANT_CONVERSION = YES;
				CLANG_WARN_DEPRECATED_OBJC_IMPLEMENTATIONS = YES;
				CLANG_WARN_DIRECT_OBJC_ISA_USAGE = YES_ERROR;
				CLANG_WARN_DOCUMENTATION_COMMENTS = YES;
				CLANG_WARN_EMPTY_BODY = YES;
				CLANG_WARN_ENUM_CONVERSION = YES;
				CLANG_WARN_INFINITE_RECURSION = YES;
				CLANG_WARN_INT_CONVERSION = YES;
				CLANG_WARN_NON_LITERAL_NULL_CONVERSION = YES;
				CLANG_WARN_OBJC_IMPLICIT_RETAIN_SELF = YES;
				CLANG_WARN_OBJC_LITERAL_CONVERSION = YES;
				CLANG_WARN_OBJC_ROOT_CLASS = YES_ERROR;
				CLANG_WARN_RANGE_LOOP_ANALYSIS = YES;
				CLANG_WARN_STRICT_PROTOTYPES = YES;
				CLANG_WARN_SUSPICIOUS_MOVE = YES;
				CLANG_WARN_UNGUARDED_AVAILABILITY = YES_AGGRESSIVE;
				CLANG_WARN_UNREACHABLE_CODE = YES;
				CLANG_WARN__DUPLICATE_METHOD_MATCH = YES;
				CODE_SIGN_IDENTITY = "iPhone Developer";
				COPY_PHASE_STRIP = NO;
				DEBUG_INFORMATION_FORMAT = dwarf;
				ENABLE_STRICT_OBJC_MSGSEND = YES;
				ENABLE_TESTABILITY = YES;
				GCC_C_LANGUAGE_STANDARD = gnu11;
				GCC_DYNAMIC_NO_PIC = NO;
				GCC_NO_COMMON_BLOCKS = YES;
				GCC_OPTIMIZATION_LEVEL = 0;
				GCC_PREPROCESSOR_DEFINITIONS = (
					"DEBUG=1",
					"$(inherited)",
				);
				GCC_WARN_64_TO_32_BIT_CONVERSION = YES;
				GCC_WARN_ABOUT_RETURN_TYPE = YES_ERROR;
				GCC_WARN_UNDECLARED_SELECTOR = YES;
				GCC_WARN_UNINITIALIZED_AUTOS = YES_AGGRESSIVE;
				GCC_WARN_UNUSED_FUNCTION = YES;
				GCC_WARN_UNUSED_VARIABLE = YES;
				IPHONEOS_DEPLOYMENT_TARGET = 12.0;
				MTL_ENABLE_DEBUG_INFO = INCLUDE_SOURCE;
				MTL_FAST_MATH = YES;
				ONLY_ACTIVE_ARCH = YES;
				SDKROOT = iphoneos;
				SWIFT_ACTIVE_COMPILATION_CONDITIONS = DEBUG;
				SWIFT_OPTIMIZATION_LEVEL = "-Onone";
			};
			name = Debug;
		};
		5A433E7A2160E1B500F10F67 /* Release */ = {
			isa = XCBuildConfiguration;
			buildSettings = {
				ALWAYS_SEARCH_USER_PATHS = NO;
				CLANG_ANALYZER_NONNULL = YES;
				CLANG_ANALYZER_NUMBER_OBJECT_CONVERSION = YES_AGGRESSIVE;
				CLANG_CXX_LANGUAGE_STANDARD = "gnu++14";
				CLANG_CXX_LIBRARY = "libc++";
				CLANG_ENABLE_MODULES = YES;
				CLANG_ENABLE_OBJC_ARC = YES;
				CLANG_ENABLE_OBJC_WEAK = YES;
				CLANG_WARN_BLOCK_CAPTURE_AUTORELEASING = YES;
				CLANG_WARN_BOOL_CONVERSION = YES;
				CLANG_WARN_COMMA = YES;
				CLANG_WARN_CONSTANT_CONVERSION = YES;
				CLANG_WARN_DEPRECATED_OBJC_IMPLEMENTATIONS = YES;
				CLANG_WARN_DIRECT_OBJC_ISA_USAGE = YES_ERROR;
				CLANG_WARN_DOCUMENTATION_COMMENTS = YES;
				CLANG_WARN_EMPTY_BODY = YES;
				CLANG_WARN_ENUM_CONVERSION = YES;
				CLANG_WARN_INFINITE_RECURSION = YES;
				CLANG_WARN_INT_CONVERSION = YES;
				CLANG_WARN_NON_LITERAL_NULL_CONVERSION = YES;
				CLANG_WARN_OBJC_IMPLICIT_RETAIN_SELF = YES;
				CLANG_WARN_OBJC_LITERAL_CONVERSION = YES;
				CLANG_WARN_OBJC_ROOT_CLASS = YES_ERROR;
				CLANG_WARN_RANGE_LOOP_ANALYSIS = YES;
				CLANG_WARN_STRICT_PROTOTYPES = YES;
				CLANG_WARN_SUSPICIOUS_MOVE = YES;
				CLANG_WARN_UNGUARDED_AVAILABILITY = YES_AGGRESSIVE;
				CLANG_WARN_UNREACHABLE_CODE = YES;
				CLANG_WARN__DUPLICATE_METHOD_MATCH = YES;
				CODE_SIGN_IDENTITY = "iPhone Developer";
				COPY_PHASE_STRIP = NO;
				DEBUG_INFORMATION_FORMAT = "dwarf-with-dsym";
				ENABLE_NS_ASSERTIONS = NO;
				ENABLE_STRICT_OBJC_MSGSEND = YES;
				GCC_C_LANGUAGE_STANDARD = gnu11;
				GCC_NO_COMMON_BLOCKS = YES;
				GCC_WARN_64_TO_32_BIT_CONVERSION = YES;
				GCC_WARN_ABOUT_RETURN_TYPE = YES_ERROR;
				GCC_WARN_UNDECLARED_SELECTOR = YES;
				GCC_WARN_UNINITIALIZED_AUTOS = YES_AGGRESSIVE;
				GCC_WARN_UNUSED_FUNCTION = YES;
				GCC_WARN_UNUSED_VARIABLE = YES;
				IPHONEOS_DEPLOYMENT_TARGET = 12.0;
				MTL_ENABLE_DEBUG_INFO = NO;
				MTL_FAST_MATH = YES;
				SDKROOT = iphoneos;
				SWIFT_COMPILATION_MODE = wholemodule;
				SWIFT_OPTIMIZATION_LEVEL = "-O";
				VALIDATE_PRODUCT = YES;
			};
			name = Release;
		};
		5A433E7C2160E1B500F10F67 /* Debug */ = {
			isa = XCBuildConfiguration;
			baseConfigurationReference = EF667A8DC9DA2AFA3E130BED /* Pods-PaSiOS.debug.xcconfig */;
			buildSettings = {
				ASSETCATALOG_COMPILER_APPICON_NAME = AppIcon;
				CODE_SIGN_STYLE = Automatic;
				DEVELOPMENT_TEAM = E9MW74DJ4Y;
				INFOPLIST_FILE = PaSiOS/Info.plist;
				IPHONEOS_DEPLOYMENT_TARGET = 9.0;
				LD_RUNPATH_SEARCH_PATHS = (
					"$(inherited)",
					"@executable_path/Frameworks",
				);
				PRODUCT_BUNDLE_IDENTIFIER = io.github.sweeper777.PaSiOS;
				PRODUCT_NAME = "$(TARGET_NAME)";
				SWIFT_VERSION = 4.2;
				TARGETED_DEVICE_FAMILY = "1,2";
			};
			name = Debug;
		};
		5A433E7D2160E1B500F10F67 /* Release */ = {
			isa = XCBuildConfiguration;
			baseConfigurationReference = A1A3284D42F377ABC323747E /* Pods-PaSiOS.release.xcconfig */;
			buildSettings = {
				ASSETCATALOG_COMPILER_APPICON_NAME = AppIcon;
				CODE_SIGN_STYLE = Automatic;
				DEVELOPMENT_TEAM = E9MW74DJ4Y;
				INFOPLIST_FILE = PaSiOS/Info.plist;
				IPHONEOS_DEPLOYMENT_TARGET = 9.0;
				LD_RUNPATH_SEARCH_PATHS = (
					"$(inherited)",
					"@executable_path/Frameworks",
				);
				PRODUCT_BUNDLE_IDENTIFIER = io.github.sweeper777.PaSiOS;
				PRODUCT_NAME = "$(TARGET_NAME)";
				SWIFT_VERSION = 4.2;
				TARGETED_DEVICE_FAMILY = "1,2";
			};
			name = Release;
		};
/* End XCBuildConfiguration section */

/* Begin XCConfigurationList section */
		5A433E642160E1B200F10F67 /* Build configuration list for PBXProject "PaSiOS" */ = {
			isa = XCConfigurationList;
			buildConfigurations = (
				5A433E792160E1B500F10F67 /* Debug */,
				5A433E7A2160E1B500F10F67 /* Release */,
			);
			defaultConfigurationIsVisible = 0;
			defaultConfigurationName = Release;
		};
		5A433E7B2160E1B500F10F67 /* Build configuration list for PBXNativeTarget "PaSiOS" */ = {
			isa = XCConfigurationList;
			buildConfigurations = (
				5A433E7C2160E1B500F10F67 /* Debug */,
				5A433E7D2160E1B500F10F67 /* Release */,
			);
			defaultConfigurationIsVisible = 0;
			defaultConfigurationName = Release;
		};
/* End XCConfigurationList section */
	};
	rootObject = 5A433E612160E1B200F10F67 /* Project object */;
}
